
Microsoft Visual Studio Solution File, Format Version 12.00
# Visual Studio Version 17
VisualStudioVersion = 17.9.34407.89
MinimumVisualStudioVersion = 10.0.40219.1
Project("{FAE04EC0-301F-11D3-BF4B-00C04F79EFBC}") = "DemoBlazorWebAppFileDownload", "DemoBlazorWebAppFileDownload\DemoBlazorWebAppFileDownload.csproj", "{864C5213-2FF7-47DB-9C5B-4534EA6BB056}"
EndProject
Global
	GlobalSection(SolutionConfigurationPlatforms) = preSolution
		Debug|Any CPU = Debug|Any CPU
		Release|Any CPU = Release|Any CPU
	EndGlobalSection
	GlobalSection(ProjectConfigurationPlatforms) = postSolution
		{864C5213-2FF7-47DB-9C5B-4534EA6BB056}.Debug|Any CPU.ActiveCfg = Debug|Any CPU
		{864C5213-2FF7-47DB-9C5B-4534EA6BB056}.Debug|Any CPU.Build.0 = Debug|Any CPU
		{864C5213-2FF7-47DB-9C5B-4534EA6BB056}.Release|Any CPU.ActiveCfg = Release|Any CPU
		{864C5213-2FF7-47DB-9C5B-4534EA6BB056}.Release|Any CPU.Build.0 = Release|Any CPU
	EndGlobalSection
	GlobalSection(SolutionProperties) = preSolution
		HideSolutionNode = FALSE
	EndGlobalSection
	GlobalSection(ExtensibilityGlobals) = postSolution
		SolutionGuid = {CFA2D0C5-85BC-47E9-A237-839F0020AC6E}
	EndGlobalSection
EndGlobal
